// !$*UTF8*$!
{
	archiveVersion = 1;
	classes = {
	};
	objectVersion = 77;
	objects = {

/* Begin PBXBuildFile section */
		222D1D2F3ECF85999CE0FF0C /* Assets.xcassets in Resources */ = {isa = PBXBuildFile; fileRef = B1EFA977917024C74D1EAFC8 /* Assets.xcassets */; };
		2EAFDF4BA771F724131FBED3 /* AppBundle in Frameworks */ = {isa = PBXBuildFile; productRef = FBCA1643DD4C22678E311EF5 /* AppBundle */; };
		9BECAE4A6358E94D7412E29C /* AxisApp.swift in Sources */ = {isa = PBXBuildFile; fileRef = 1F4FFC50B924565BC4A7DC5E /* AxisApp.swift */; };
		FF90D02A35ECEAA7E7761918 /* default-config.toml in Resources */ = {isa = PBXBuildFile; fileRef = D097305C604392FF7621450C /* default-config.toml */; };
/* End PBXBuildFile section */

/* Begin PBXFileReference section */
		1F4FFC50B924565BC4A7DC5E /* AxisApp.swift */ = {isa = PBXFileReference; lastKnownFileType = sourcecode.swift; path = AxisApp.swift; sourceTree = "<group>"; };
		52A0E7165E3426F7A5FDDAF4 /* axis */ = {isa = PBXFileReference; lastKnownFileType = folder; name = axis; path = .; sourceTree = SOURCE_ROOT; };
		94E945D9F12D3BECCA060F6E /* Axis.app */ = {isa = PBXFileReference; explicitFileType = wrapper.application; includeInIndex = 0; path = Axis.app; sourceTree = BUILT_PRODUCTS_DIR; };
		A7C83474895BDAF127D0343C /* Axis.entitlements */ = {isa = PBXFileReference; lastKnownFileType = text.plist.entitlements; path = Axis.entitlements; sourceTree = "<group>"; };
		B1EFA977917024C74D1EAFC8 /* Assets.xcassets */ = {isa = PBXFileReference; lastKnownFileType = folder.assetcatalog; path = Assets.xcassets; sourceTree = "<group>"; };
		D097305C604392FF7621450C /* default-config.toml */ = {isa = PBXFileReference; path = "default-config.toml"; sourceTree = "<group>"; };
/* End PBXFileReference section */

/* Begin PBXFrameworksBuildPhase section */
		5351E36FDB4ED1B5A6757511 /* Frameworks */ = {
			isa = PBXFrameworksBuildPhase;
			buildActionMask = 2147483647;
			files = (
				2EAFDF4BA771F724131FBED3 /* AppBundle in Frameworks */,
			);
			runOnlyForDeploymentPostprocessing = 0;
		};
/* End PBXFrameworksBuildPhase section */

/* Begin PBXGroup section */
		01C49570565C275679955742 /* Products */ = {
			isa = PBXGroup;
			children = (
				94E945D9F12D3BECCA060F6E /* Axis.app */,
			);
			name = Products;
			sourceTree = "<group>";
		};
		4AF6DD0D4081AA57ECE99BB0 /* AxisApp */ = {
			isa = PBXGroup;
			children = (
				1F4FFC50B924565BC4A7DC5E /* AxisApp.swift */,
			);
			name = AxisApp;
			path = Sources/AxisApp;
			sourceTree = "<group>";
		};
		6CA6540B67D8F3C499DC4361 /* config-examples */ = {
			isa = PBXGroup;
			children = (
				D097305C604392FF7621450C /* default-config.toml */,
			);
			name = "config-examples";
			path = "docs/config-examples";
			sourceTree = "<group>";
		};
		7F3B83E18A93A85FEFC4249D /* Packages */ = {
			isa = PBXGroup;
			children = (
				52A0E7165E3426F7A5FDDAF4 /* axis */,
			);
			name = Packages;
			sourceTree = "<group>";
		};
		9FD82CA1D30FEB039D725CF8 = {
			isa = PBXGroup;
			children = (
				4AF6DD0D4081AA57ECE99BB0 /* AxisApp */,
				6CA6540B67D8F3C499DC4361 /* config-examples */,
				7F3B83E18A93A85FEFC4249D /* Packages */,
				E64D4691B0570540B47502DF /* resources */,
				01C49570565C275679955742 /* Products */,
			);
			sourceTree = "<group>";
		};
		E64D4691B0570540B47502DF /* resources */ = {
			isa = PBXGroup;
			children = (
				B1EFA977917024C74D1EAFC8 /* Assets.xcassets */,
				A7C83474895BDAF127D0343C /* Axis.entitlements */,
			);
			path = resources;
			sourceTree = "<group>";
		};
/* End PBXGroup section */

/* Begin PBXNativeTarget section */
		CD099F3D04F37FA19CDC6965 /* Axis */ = {
			isa = PBXNativeTarget;
			buildConfigurationList = 1A2111C4951EB61CFDEC66AF /* Build configuration list for PBXNativeTarget "Axis" */;
			buildPhases = (
				4E4B20AA22895B79A44D4C2C /* Sources */,
				1FF324A0DD18E72B29AE0701 /* Resources */,
				5351E36FDB4ED1B5A6757511 /* Frameworks */,
			);
			buildRules = (
			);
			dependencies = (
			);
			name = Axis;
			packageProductDependencies = (
				FBCA1643DD4C22678E311EF5 /* AppBundle */,
			);
			productName = Axis;
			productReference = 94E945D9F12D3BECCA060F6E /* Axis.app */;
			productType = "com.apple.product-type.application";
		};
/* End PBXNativeTarget section */

/* Begin PBXProject section */
		9DDA92A692BC72E8D4D2AAD2 /* Project object */ = {
			isa = PBXProject;
			attributes = {
				BuildIndependentTargetsInParallel = YES;
				LastUpgradeCheck = 1430;
				TargetAttributes = {
				};
			};
			buildConfigurationList = 4B12B6D49FF58B5412D9F500 /* Build configuration list for PBXProject "Axis" */;
			developmentRegion = en;
			hasScannedForEncodings = 0;
			knownRegions = (
				Base,
				en,
			);
			mainGroup = 9FD82CA1D30FEB039D725CF8;
			minimizedProjectReferenceProxies = 1;
			packageReferences = (
				F781F15400D7D328877B034C /* XCLocalSwiftPackageReference "." */,
			);
			preferredProjectObjectVersion = 77;
			productRefGroup = 01C49570565C275679955742 /* Products */;
			projectDirPath = "";
			projectRoot = "";
			targets = (
				CD099F3D04F37FA19CDC6965 /* Axis */,
			);
		};
/* End PBXProject section */

/* Begin PBXResourcesBuildPhase section */
		1FF324A0DD18E72B29AE0701 /* Resources */ = {
			isa = PBXResourcesBuildPhase;
			buildActionMask = 2147483647;
			files = (
				222D1D2F3ECF85999CE0FF0C /* Assets.xcassets in Resources */,
				FF90D02A35ECEAA7E7761918 /* default-config.toml in Resources */,
			);
			runOnlyForDeploymentPostprocessing = 0;
		};
/* End PBXResourcesBuildPhase section */

/* Begin PBXSourcesBuildPhase section */
		4E4B20AA22895B79A44D4C2C /* Sources */ = {
			isa = PBXSourcesBuildPhase;
			buildActionMask = 2147483647;
			files = (
				9BECAE4A6358E94D7412E29C /* AxisApp.swift in Sources */,
			);
			runOnlyForDeploymentPostprocessing = 0;
		};
/* End PBXSourcesBuildPhase section */

/* Begin XCBuildConfiguration section */
		38258A5B35F3ED77F6B04CCC /* Release */ = {
			isa = XCBuildConfiguration;
			buildSettings = {
				ALWAYS_SEARCH_USER_PATHS = NO;
				CLANG_ANALYZER_NONNULL = YES;
				CLANG_ANALYZER_NUMBER_OBJECT_CONVERSION = YES_AGGRESSIVE;
				CLANG_CXX_LANGUAGE_STANDARD = "gnu++14";
				CLANG_CXX_LIBRARY = "libc++";
				CLANG_ENABLE_MODULES = YES;
				CLANG_ENABLE_OBJC_ARC = YES;
				CLANG_ENABLE_OBJC_WEAK = YES;
				CLANG_WARN_BLOCK_CAPTURE_AUTORELEASING = YES;
				CLANG_WARN_BOOL_CONVERSION = YES;
				CLANG_WARN_COMMA = YES;
				CLANG_WARN_CONSTANT_CONVERSION = YES;
				CLANG_WARN_DEPRECATED_OBJC_IMPLEMENTATIONS = YES;
				CLANG_WARN_DIRECT_OBJC_ISA_USAGE = YES_ERROR;
				CLANG_WARN_DOCUMENTATION_COMMENTS = YES;
				CLANG_WARN_EMPTY_BODY = YES;
				CLANG_WARN_ENUM_CONVERSION = YES;
				CLANG_WARN_INFINITE_RECURSION = YES;
				CLANG_WARN_INT_CONVERSION = YES;
				CLANG_WARN_NON_LITERAL_NULL_CONVERSION = YES;
				CLANG_WARN_OBJC_IMPLICIT_RETAIN_SELF = YES;
				CLANG_WARN_OBJC_LITERAL_CONVERSION = YES;
				CLANG_WARN_OBJC_ROOT_CLASS = YES_ERROR;
				CLANG_WARN_QUOTED_INCLUDE_IN_FRAMEWORK_HEADER = YES;
				CLANG_WARN_RANGE_LOOP_ANALYSIS = YES;
				CLANG_WARN_STRICT_PROTOTYPES = YES;
				CLANG_WARN_SUSPICIOUS_MOVE = YES;
				CLANG_WARN_UNGUARDED_AVAILABILITY = YES_AGGRESSIVE;
				CLANG_WARN_UNREACHABLE_CODE = YES;
				CLANG_WARN__DUPLICATE_METHOD_MATCH = YES;
				COPY_PHASE_STRIP = NO;
				DEBUG_INFORMATION_FORMAT = "dwarf-with-dsym";
				ENABLE_NS_ASSERTIONS = NO;
				ENABLE_STRICT_OBJC_MSGSEND = YES;
				GCC_C_LANGUAGE_STANDARD = gnu11;
				GCC_NO_COMMON_BLOCKS = YES;
				GCC_WARN_64_TO_32_BIT_CONVERSION = YES;
				GCC_WARN_ABOUT_RETURN_TYPE = YES_ERROR;
				GCC_WARN_UNDECLARED_SELECTOR = YES;
				GCC_WARN_UNINITIALIZED_AUTOS = YES_AGGRESSIVE;
				GCC_WARN_UNUSED_FUNCTION = YES;
				GCC_WARN_UNUSED_VARIABLE = YES;
				MTL_ENABLE_DEBUG_INFO = NO;
				MTL_FAST_MATH = YES;
				PRODUCT_NAME = "$(TARGET_NAME)";
				SDKROOT = macosx;
				SWIFT_COMPILATION_MODE = wholemodule;
				SWIFT_OPTIMIZATION_LEVEL = "-O";
				SWIFT_VERSION = 5.0;
			};
			name = Release;
		};
		44E3CF167AFF0AE6A03E4A73 /* Debug */ = {
			isa = XCBuildConfiguration;
			buildSettings = {
				ASSETCATALOG_COMPILER_APPICON_NAME = AppIcon;
				CODE_SIGN_ENTITLEMENTS = resources/Axis.entitlements;
				CODE_SIGN_IDENTITY = "axis-codesign-certificate";
				COMBINE_HIDPI_IMAGES = YES;
				GENERATE_INFOPLIST_FILE = YES;
				INFOPLIST_KEY_LSUIElement = YES;
				LD_RUNPATH_SEARCH_PATHS = (
					"$(inherited)",
					"@executable_path/../Frameworks",
				);
				MACOSX_DEPLOYMENT_TARGET = 13.0;
				MARKETING_VERSION = "0.0.0-SNAPSHOT";
				PRODUCT_BUNDLE_IDENTIFIER = ucsaes.axis.debug;
				PRODUCT_NAME = "Axis-Debug";
				SDKROOT = macosx;
				SWIFT_VERSION = 6.2;
			};
			name = Debug;
		};
		93D79F32B4F691C9B0970686 /* Debug */ = {
			isa = XCBuildConfiguration;
			buildSettings = {
				ALWAYS_SEARCH_USER_PATHS = NO;
				CLANG_ANALYZER_NONNULL = YES;
				CLANG_ANALYZER_NUMBER_OBJECT_CONVERSION = YES_AGGRESSIVE;
				CLANG_CXX_LANGUAGE_STANDARD = "gnu++14";
				CLANG_CXX_LIBRARY = "libc++";
				CLANG_ENABLE_MODULES = YES;
				CLANG_ENABLE_OBJC_ARC = YES;
				CLANG_ENABLE_OBJC_WEAK = YES;
				CLANG_WARN_BLOCK_CAPTURE_AUTORELEASING = YES;
				CLANG_WARN_BOOL_CONVERSION = YES;
				CLANG_WARN_COMMA = YES;
				CLANG_WARN_CONSTANT_CONVERSION = YES;
				CLANG_WARN_DEPRECATED_OBJC_IMPLEMENTATIONS = YES;
				CLANG_WARN_DIRECT_OBJC_ISA_USAGE = YES_ERROR;
				CLANG_WARN_DOCUMENTATION_COMMENTS = YES;
				CLANG_WARN_EMPTY_BODY = YES;
				CLANG_WARN_ENUM_CONVERSION = YES;
				CLANG_WARN_INFINITE_RECURSION = YES;
				CLANG_WARN_INT_CONVERSION = YES;
				CLANG_WARN_NON_LITERAL_NULL_CONVERSION = YES;
				CLANG_WARN_OBJC_IMPLICIT_RETAIN_SELF = YES;
				CLANG_WARN_OBJC_LITERAL_CONVERSION = YES;
				CLANG_WARN_OBJC_ROOT_CLASS = YES_ERROR;
				CLANG_WARN_QUOTED_INCLUDE_IN_FRAMEWORK_HEADER = YES;
				CLANG_WARN_RANGE_LOOP_ANALYSIS = YES;
				CLANG_WARN_STRICT_PROTOTYPES = YES;
				CLANG_WARN_SUSPICIOUS_MOVE = YES;
				CLANG_WARN_UNGUARDED_AVAILABILITY = YES_AGGRESSIVE;
				CLANG_WARN_UNREACHABLE_CODE = YES;
				CLANG_WARN__DUPLICATE_METHOD_MATCH = YES;
				COPY_PHASE_STRIP = NO;
				DEBUG_INFORMATION_FORMAT = dwarf;
				ENABLE_STRICT_OBJC_MSGSEND = YES;
				ENABLE_TESTABILITY = YES;
				GCC_C_LANGUAGE_STANDARD = gnu11;
				GCC_DYNAMIC_NO_PIC = NO;
				GCC_NO_COMMON_BLOCKS = YES;
				GCC_OPTIMIZATION_LEVEL = 0;
				GCC_PREPROCESSOR_DEFINITIONS = (
					"$(inherited)",
					"DEBUG=1",
				);
				GCC_WARN_64_TO_32_BIT_CONVERSION = YES;
				GCC_WARN_ABOUT_RETURN_TYPE = YES_ERROR;
				GCC_WARN_UNDECLARED_SELECTOR = YES;
				GCC_WARN_UNINITIALIZED_AUTOS = YES_AGGRESSIVE;
				GCC_WARN_UNUSED_FUNCTION = YES;
				GCC_WARN_UNUSED_VARIABLE = YES;
				MTL_ENABLE_DEBUG_INFO = INCLUDE_SOURCE;
				MTL_FAST_MATH = YES;
				ONLY_ACTIVE_ARCH = YES;
				PRODUCT_NAME = "$(TARGET_NAME)";
				SDKROOT = macosx;
				SWIFT_ACTIVE_COMPILATION_CONDITIONS = DEBUG;
				SWIFT_OPTIMIZATION_LEVEL = "-Onone";
				SWIFT_VERSION = 5.0;
			};
			name = Debug;
		};
		EE4D42CAD141BA8BFFF371CE /* Release */ = {
			isa = XCBuildConfiguration;
			buildSettings = {
				ASSETCATALOG_COMPILER_APPICON_NAME = AppIcon;
				CODE_SIGN_ENTITLEMENTS = resources/Axis.entitlements;
				CODE_SIGN_IDENTITY = "axis-codesign-certificate";
				COMBINE_HIDPI_IMAGES = YES;
				GCC_TREAT_WARNINGS_AS_ERRORS = YES;
				GENERATE_INFOPLIST_FILE = YES;
				INFOPLIST_KEY_LSUIElement = YES;
				LD_RUNPATH_SEARCH_PATHS = (
					"$(inherited)",
					"@executable_path/../Frameworks",
				);
				MACOSX_DEPLOYMENT_TARGET = 13.0;
				MARKETING_VERSION = "0.0.0-SNAPSHOT";
				PRODUCT_BUNDLE_IDENTIFIER = ucsaes.axis;
				PRODUCT_NAME = Axis;
				SDKROOT = macosx;
				SWIFT_TREAT_WARNINGS_AS_ERRORS = YES;
				SWIFT_VERSION = 6.2;
			};
			name = Release;
		};
/* End XCBuildConfiguration section */

/* Begin XCConfigurationList section */
		1A2111C4951EB61CFDEC66AF /* Build configuration list for PBXNativeTarget "Axis" */ = {
			isa = XCConfigurationList;
			buildConfigurations = (
				44E3CF167AFF0AE6A03E4A73 /* Debug */,
				EE4D42CAD141BA8BFFF371CE /* Release */,
			);
			defaultConfigurationIsVisible = 0;
			defaultConfigurationName = Debug;
		};
		4B12B6D49FF58B5412D9F500 /* Build configuration list for PBXProject "Axis" */ = {
			isa = XCConfigurationList;
			buildConfigurations = (
				93D79F32B4F691C9B0970686 /* Debug */,
				38258A5B35F3ED77F6B04CCC /* Release */,
			);
			defaultConfigurationIsVisible = 0;
			defaultConfigurationName = Debug;
		};
/* End XCConfigurationList section */

/* Begin XCLocalSwiftPackageReference section */
		F781F15400D7D328877B034C /* XCLocalSwiftPackageReference "." */ = {
			isa = XCLocalSwiftPackageReference;
			relativePath = .;
		};
/* End XCLocalSwiftPackageReference section */

/* Begin XCSwiftPackageProductDependency section */
		FBCA1643DD4C22678E311EF5 /* AppBundle */ = {
			isa = XCSwiftPackageProductDependency;
			productName = AppBundle;
		};
/* End XCSwiftPackageProductDependency section */
	};
	rootObject = 9DDA92A692BC72E8D4D2AAD2 /* Project object */;
}
